
Microsoft Visual Studio Solution File, Format Version 12.00
# Visual Studio Version 17
VisualStudioVersion = 17.6.33723.286
MinimumVisualStudioVersion = 10.0.40219.1
Project("{9A19103F-16F7-4668-BE54-9A1E7A4F7556}") = "ConfigurationManager", "ConfigurationManager\ConfigurationManager.csproj", "{9444D263-2D81-4EA5-9A31-2D534B66E019}"
EndProject
Project("{FAE04EC0-301F-11D3-BF4B-00C04F79EFBC}") = "FileConfigurationProvider", "FileConfigurationProvider\FileConfigurationProvider.csproj", "{92D85023-DDFC-428D-9048-5460397919E2}"
EndProject
Project("{FAE04EC0-301F-11D3-BF4B-00C04F79EFBC}") = "ConfigurationManagerConfigurationProvider", "ConfigurationManagerConfigurationProvider\ConfigurationManagerConfigurationProvider.csproj", "{E6EA245B-88E0-4EA7-BD25-5F8966F1332B}"
EndProject
Project("{FAE04EC0-301F-11D3-BF4B-00C04F79EFBC}") = "ConfigurationProviderHelper", "ConfigurationProviderHelper\ConfigurationProviderHelper.csproj", "{FD7BBF6A-D71B-43B0-8115-C749D256E6AE}"
EndProject
Global
	GlobalSection(SolutionConfigurationPlatforms) = preSolution
		Debug|Any CPU = Debug|Any CPU
		Release|Any CPU = Release|Any CPU
	EndGlobalSection
	GlobalSection(ProjectConfigurationPlatforms) = postSolution
		{9444D263-2D81-4EA5-9A31-2D534B66E019}.Debug|Any CPU.ActiveCfg = Debug|Any CPU
		{9444D263-2D81-4EA5-9A31-2D534B66E019}.Debug|Any CPU.Build.0 = Debug|Any CPU
		{9444D263-2D81-4EA5-9A31-2D534B66E019}.Release|Any CPU.ActiveCfg = Release|Any CPU
		{9444D263-2D81-4EA5-9A31-2D534B66E019}.Release|Any CPU.Build.0 = Release|Any CPU
		{92D85023-DDFC-428D-9048-5460397919E2}.Debug|Any CPU.ActiveCfg = Debug|Any CPU
		{92D85023-DDFC-428D-9048-5460397919E2}.Debug|Any CPU.Build.0 = Debug|Any CPU
		{92D85023-DDFC-428D-9048-5460397919E2}.Release|Any CPU.ActiveCfg = Release|Any CPU
		{92D85023-DDFC-428D-9048-5460397919E2}.Release|Any CPU.Build.0 = Release|Any CPU
		{E6EA245B-88E0-4EA7-BD25-5F8966F1332B}.Debug|Any CPU.ActiveCfg = Debug|Any CPU
		{E6EA245B-88E0-4EA7-BD25-5F8966F1332B}.Debug|Any CPU.Build.0 = Debug|Any CPU
		{E6EA245B-88E0-4EA7-BD25-5F8966F1332B}.Release|Any CPU.ActiveCfg = Release|Any CPU
		{E6EA245B-88E0-4EA7-BD25-5F8966F1332B}.Release|Any CPU.Build.0 = Release|Any CPU
		{FD7BBF6A-D71B-43B0-8115-C749D256E6AE}.Debug|Any CPU.ActiveCfg = Debug|Any CPU
		{FD7BBF6A-D71B-43B0-8115-C749D256E6AE}.Debug|Any CPU.Build.0 = Debug|Any CPU
		{FD7BBF6A-D71B-43B0-8115-C749D256E6AE}.Release|Any CPU.ActiveCfg = Release|Any CPU
		{FD7BBF6A-D71B-43B0-8115-C749D256E6AE}.Release|Any CPU.Build.0 = Release|Any CPU
	EndGlobalSection
	GlobalSection(SolutionProperties) = preSolution
		HideSolutionNode = FALSE
	EndGlobalSection
	GlobalSection(ExtensibilityGlobals) = postSolution
		SolutionGuid = {C3CD7935-2DEE-492E-989A-3F54903F8AEC}
	EndGlobalSection
EndGlobal
