
Microsoft Visual Studio Solution File, Format Version 12.00
# Visual Studio Version 17
VisualStudioVersion = 17.6.33723.286
MinimumVisualStudioVersion = 10.0.40219.1
Project("{00D1A9C2-B5F0-4AF3-8072-F6C62B433612}") = "SQLFundamentals", "SQLFundamentals\SQLFundamentals.sqlproj", "{405FC732-0641-4C55-8671-46013F4AF06C}"
EndProject
Global
	GlobalSection(SolutionConfigurationPlatforms) = preSolution
		Debug|Any CPU = Debug|Any CPU
		Release|Any CPU = Release|Any CPU
	EndGlobalSection
	GlobalSection(ProjectConfigurationPlatforms) = postSolution
		{405FC732-0641-4C55-8671-46013F4AF06C}.Debug|Any CPU.ActiveCfg = Debug|Any CPU
		{405FC732-0641-4C55-8671-46013F4AF06C}.Debug|Any CPU.Build.0 = Debug|Any CPU
		{405FC732-0641-4C55-8671-46013F4AF06C}.Debug|Any CPU.Deploy.0 = Debug|Any CPU
		{405FC732-0641-4C55-8671-46013F4AF06C}.Release|Any CPU.ActiveCfg = Release|Any CPU
		{405FC732-0641-4C55-8671-46013F4AF06C}.Release|Any CPU.Build.0 = Release|Any CPU
		{405FC732-0641-4C55-8671-46013F4AF06C}.Release|Any CPU.Deploy.0 = Release|Any CPU
	EndGlobalSection
	GlobalSection(SolutionProperties) = preSolution
		HideSolutionNode = FALSE
	EndGlobalSection
	GlobalSection(ExtensibilityGlobals) = postSolution
		SolutionGuid = {FBCAD254-E37E-4BF4-9CA0-49C3A1F185A4}
	EndGlobalSection
EndGlobal
